
Microsoft Visual Studio Solution File, Format Version 11.00
# Visual Studio 2010
Project("{6989167D-11E4-40FE-8C1A-2192A86A7E90}") = "test1", "test1.vfproj", "{0FEBCA15-0C4F-4800-AFEB-E33B5C4D665A}"
	ProjectSection(ProjectDependencies) = postProject
		{9A2FEBBE-6702-448E-B361-AE3EA614F5CF} = {9A2FEBBE-6702-448E-B361-AE3EA614F5CF}
	EndProjectSection
EndProject
Project("{6989167D-11E4-40FE-8C1A-2192A86A7E90}") = "jsonfortran", "jsonfortran.vfproj", "{9A2FEBBE-6702-448E-B361-AE3EA614F5CF}"
EndProject
Project("{6989167D-11E4-40FE-8C1A-2192A86A7E90}") = "test2", "test2.vfproj", "{8C7BEB79-EAFC-45EE-A7A2-BA55DD19F3CB}"
	ProjectSection(ProjectDependencies) = postProject
		{9A2FEBBE-6702-448E-B361-AE3EA614F5CF} = {9A2FEBBE-6702-448E-B361-AE3EA614F5CF}
	EndProjectSection
EndProject
Project("{6989167D-11E4-40FE-8C1A-2192A86A7E90}") = "test3", "test3.vfproj", "{8EE4852D-03D7-407F-A893-47F42EC16AC8}"
	ProjectSection(ProjectDependencies) = postProject
		{9A2FEBBE-6702-448E-B361-AE3EA614F5CF} = {9A2FEBBE-6702-448E-B361-AE3EA614F5CF}
	EndProjectSection
EndProject
Project("{6989167D-11E4-40FE-8C1A-2192A86A7E90}") = "test4", "test4.vfproj", "{67E1EBDA-5D9D-4F9A-9B9D-3BB12DE2B432}"
	ProjectSection(ProjectDependencies) = postProject
		{9A2FEBBE-6702-448E-B361-AE3EA614F5CF} = {9A2FEBBE-6702-448E-B361-AE3EA614F5CF}
	EndProjectSection
EndProject
Project("{6989167D-11E4-40FE-8C1A-2192A86A7E90}") = "test5", "test5.vfproj", "{3538278E-2B8F-410B-8750-E2CD6B3C3EB7}"
	ProjectSection(ProjectDependencies) = postProject
		{9A2FEBBE-6702-448E-B361-AE3EA614F5CF} = {9A2FEBBE-6702-448E-B361-AE3EA614F5CF}
	EndProjectSection
EndProject
Project("{6989167D-11E4-40FE-8C1A-2192A86A7E90}") = "test6", "test6.vfproj", "{C59BBB4F-55E7-4349-9814-A79142FED8FC}"
	ProjectSection(ProjectDependencies) = postProject
		{9A2FEBBE-6702-448E-B361-AE3EA614F5CF} = {9A2FEBBE-6702-448E-B361-AE3EA614F5CF}
	EndProjectSection
EndProject
Project("{6989167D-11E4-40FE-8C1A-2192A86A7E90}") = "test7", "test7.vfproj", "{10968041-A044-4C50-ADBE-9018B0527589}"
	ProjectSection(ProjectDependencies) = postProject
		{9A2FEBBE-6702-448E-B361-AE3EA614F5CF} = {9A2FEBBE-6702-448E-B361-AE3EA614F5CF}
	EndProjectSection
EndProject
Project("{6989167D-11E4-40FE-8C1A-2192A86A7E90}") = "test8", "test8.vfproj", "{3A7D5953-A83D-4890-8D0F-9374E7862AC4}"
	ProjectSection(ProjectDependencies) = postProject
		{9A2FEBBE-6702-448E-B361-AE3EA614F5CF} = {9A2FEBBE-6702-448E-B361-AE3EA614F5CF}
	EndProjectSection
EndProject
Project("{6989167D-11E4-40FE-8C1A-2192A86A7E90}") = "test9", "test9.vfproj", "{AB193C8A-0A65-4984-957A-1EBD09A2E185}"
	ProjectSection(ProjectDependencies) = postProject
		{9A2FEBBE-6702-448E-B361-AE3EA614F5CF} = {9A2FEBBE-6702-448E-B361-AE3EA614F5CF}
	EndProjectSection
EndProject
Project("{6989167D-11E4-40FE-8C1A-2192A86A7E90}") = "test11", "test11.vfproj", "{40DB1FE6-5E1C-496D-A4BF-194D48C05BCB}"
	ProjectSection(ProjectDependencies) = postProject
		{9A2FEBBE-6702-448E-B361-AE3EA614F5CF} = {9A2FEBBE-6702-448E-B361-AE3EA614F5CF}
	EndProjectSection
EndProject
Global
	GlobalSection(SolutionConfigurationPlatforms) = preSolution
		Debug|Win32 = Debug|Win32
		Release|Win32 = Release|Win32
	EndGlobalSection
	GlobalSection(ProjectConfigurationPlatforms) = postSolution
		{0FEBCA15-0C4F-4800-AFEB-E33B5C4D665A}.Debug|Win32.ActiveCfg = Debug|Win32
		{0FEBCA15-0C4F-4800-AFEB-E33B5C4D665A}.Debug|Win32.Build.0 = Debug|Win32
		{0FEBCA15-0C4F-4800-AFEB-E33B5C4D665A}.Release|Win32.ActiveCfg = Release|Win32
		{0FEBCA15-0C4F-4800-AFEB-E33B5C4D665A}.Release|Win32.Build.0 = Release|Win32
		{9A2FEBBE-6702-448E-B361-AE3EA614F5CF}.Debug|Win32.ActiveCfg = Debug|Win32
		{9A2FEBBE-6702-448E-B361-AE3EA614F5CF}.Debug|Win32.Build.0 = Debug|Win32
		{9A2FEBBE-6702-448E-B361-AE3EA614F5CF}.Release|Win32.ActiveCfg = Release|Win32
		{9A2FEBBE-6702-448E-B361-AE3EA614F5CF}.Release|Win32.Build.0 = Release|Win32
		{8C7BEB79-EAFC-45EE-A7A2-BA55DD19F3CB}.Debug|Win32.ActiveCfg = Debug|Win32
		{8C7BEB79-EAFC-45EE-A7A2-BA55DD19F3CB}.Debug|Win32.Build.0 = Debug|Win32
		{8C7BEB79-EAFC-45EE-A7A2-BA55DD19F3CB}.Release|Win32.ActiveCfg = Release|Win32
		{8C7BEB79-EAFC-45EE-A7A2-BA55DD19F3CB}.Release|Win32.Build.0 = Release|Win32
		{8EE4852D-03D7-407F-A893-47F42EC16AC8}.Debug|Win32.ActiveCfg = Debug|Win32
		{8EE4852D-03D7-407F-A893-47F42EC16AC8}.Debug|Win32.Build.0 = Debug|Win32
		{8EE4852D-03D7-407F-A893-47F42EC16AC8}.Release|Win32.ActiveCfg = Release|Win32
		{8EE4852D-03D7-407F-A893-47F42EC16AC8}.Release|Win32.Build.0 = Release|Win32
		{67E1EBDA-5D9D-4F9A-9B9D-3BB12DE2B432}.Debug|Win32.ActiveCfg = Debug|Win32
		{67E1EBDA-5D9D-4F9A-9B9D-3BB12DE2B432}.Debug|Win32.Build.0 = Debug|Win32
		{67E1EBDA-5D9D-4F9A-9B9D-3BB12DE2B432}.Release|Win32.ActiveCfg = Release|Win32
		{67E1EBDA-5D9D-4F9A-9B9D-3BB12DE2B432}.Release|Win32.Build.0 = Release|Win32
		{3538278E-2B8F-410B-8750-E2CD6B3C3EB7}.Debug|Win32.ActiveCfg = Debug|Win32
		{3538278E-2B8F-410B-8750-E2CD6B3C3EB7}.Debug|Win32.Build.0 = Debug|Win32
		{3538278E-2B8F-410B-8750-E2CD6B3C3EB7}.Release|Win32.ActiveCfg = Release|Win32
		{3538278E-2B8F-410B-8750-E2CD6B3C3EB7}.Release|Win32.Build.0 = Release|Win32
		{C59BBB4F-55E7-4349-9814-A79142FED8FC}.Debug|Win32.ActiveCfg = Debug|Win32
		{C59BBB4F-55E7-4349-9814-A79142FED8FC}.Debug|Win32.Build.0 = Debug|Win32
		{C59BBB4F-55E7-4349-9814-A79142FED8FC}.Release|Win32.ActiveCfg = Release|Win32
		{C59BBB4F-55E7-4349-9814-A79142FED8FC}.Release|Win32.Build.0 = Release|Win32
		{10968041-A044-4C50-ADBE-9018B0527589}.Debug|Win32.ActiveCfg = Debug|Win32
		{10968041-A044-4C50-ADBE-9018B0527589}.Debug|Win32.Build.0 = Debug|Win32
		{10968041-A044-4C50-ADBE-9018B0527589}.Release|Win32.ActiveCfg = Release|Win32
		{10968041-A044-4C50-ADBE-9018B0527589}.Release|Win32.Build.0 = Release|Win32
		{3A7D5953-A83D-4890-8D0F-9374E7862AC4}.Debug|Win32.ActiveCfg = Debug|Win32
		{3A7D5953-A83D-4890-8D0F-9374E7862AC4}.Debug|Win32.Build.0 = Debug|Win32
		{3A7D5953-A83D-4890-8D0F-9374E7862AC4}.Release|Win32.ActiveCfg = Release|Win32
		{3A7D5953-A83D-4890-8D0F-9374E7862AC4}.Release|Win32.Build.0 = Release|Win32
		{AB193C8A-0A65-4984-957A-1EBD09A2E185}.Debug|Win32.ActiveCfg = Debug|Win32
		{AB193C8A-0A65-4984-957A-1EBD09A2E185}.Debug|Win32.Build.0 = Debug|Win32
		{AB193C8A-0A65-4984-957A-1EBD09A2E185}.Release|Win32.ActiveCfg = Release|Win32
		{AB193C8A-0A65-4984-957A-1EBD09A2E185}.Release|Win32.Build.0 = Release|Win32
		{40DB1FE6-5E1C-496D-A4BF-194D48C05BCB}.Debug|Win32.ActiveCfg = Debug|Win32
		{40DB1FE6-5E1C-496D-A4BF-194D48C05BCB}.Debug|Win32.Build.0 = Debug|Win32
		{40DB1FE6-5E1C-496D-A4BF-194D48C05BCB}.Release|Win32.ActiveCfg = Release|Win32
		{40DB1FE6-5E1C-496D-A4BF-194D48C05BCB}.Release|Win32.Build.0 = Release|Win32
	EndGlobalSection
	GlobalSection(SolutionProperties) = preSolution
		HideSolutionNode = FALSE
	EndGlobalSection
EndGlobal
