
Microsoft Visual Studio Solution File, Format Version 11.00
# Visual Studio 2010
Project("{6989167D-11E4-40FE-8C1A-2192A86A7E90}") = "example", "example.vfproj", "{0FEBCA15-0C4F-4800-AFEB-E33B5C4D665A}"
	ProjectSection(ProjectDependencies) = postProject
		{9A2FEBBE-6702-448E-B361-AE3EA614F5CF} = {9A2FEBBE-6702-448E-B361-AE3EA614F5CF}
	EndProjectSection
EndProject
Project("{6989167D-11E4-40FE-8C1A-2192A86A7E90}") = "jsonfortran", "jsonfortran.vfproj", "{9A2FEBBE-6702-448E-B361-AE3EA614F5CF}"
EndProject
Global
	GlobalSection(SolutionConfigurationPlatforms) = preSolution
		Debug|Win32 = Debug|Win32
		Release|Win32 = Release|Win32
	EndGlobalSection
	GlobalSection(ProjectConfigurationPlatforms) = postSolution
		{0FEBCA15-0C4F-4800-AFEB-E33B5C4D665A}.Debug|Win32.ActiveCfg = Debug|Win32
		{0FEBCA15-0C4F-4800-AFEB-E33B5C4D665A}.Debug|Win32.Build.0 = Debug|Win32
		{0FEBCA15-0C4F-4800-AFEB-E33B5C4D665A}.Release|Win32.ActiveCfg = Release|Win32
		{0FEBCA15-0C4F-4800-AFEB-E33B5C4D665A}.Release|Win32.Build.0 = Release|Win32
		{9A2FEBBE-6702-448E-B361-AE3EA614F5CF}.Debug|Win32.ActiveCfg = Debug|Win32
		{9A2FEBBE-6702-448E-B361-AE3EA614F5CF}.Debug|Win32.Build.0 = Debug|Win32
		{9A2FEBBE-6702-448E-B361-AE3EA614F5CF}.Release|Win32.ActiveCfg = Release|Win32
		{9A2FEBBE-6702-448E-B361-AE3EA614F5CF}.Release|Win32.Build.0 = Release|Win32
	EndGlobalSection
	GlobalSection(SolutionProperties) = preSolution
		HideSolutionNode = FALSE
	EndGlobalSection
EndGlobal
